lockVersion: 2.0.0
id: 5df37b95-6fc5-4f8e-befa-7c562f89f429
management:
  docChecksum: 7a5b72011e6b543e5499ab21ebc050c7
  docVersion: "4.0"
  speakeasyVersion: 1.296.1
  generationVersion: 2.338.1
  releaseVersion: 0.0.5
  configChecksum: 5d5261e21d2dfa6bec3aa7427912abf8
features:
  java:
    additionalDependencies: 0.1.0
    constsAndDefaults: 0.1.1
    core: 3.21.0
    flattening: 2.81.1
    globalSecurity: 2.82.5
    globalSecurityCallbacks: 0.1.0
    globalSecurityFlattening: 0.1.0
    globalServerURLs: 2.82.1
    sdkHooks: 0.1.0
    unions: 0.0.4
generatedFiles:
  - src/main/java/org/openapis/openapi/SecuritySource.java
  - src/main/java/org/openapis/openapi/SDKConfiguration.java
  - src/main/java/org/openapis/openapi/models/operations/UpdateAUserRequestBuilder.java
  - src/main/java/org/openapis/openapi/models/operations/GetAUserRequestBuilder.java
  - src/main/java/org/openapis/openapi/models/operations/DeleteAUserRequestBuilder.java
  - src/main/java/org/openapis/openapi/models/operations/CreateAUserRequestBuilder.java
  - src/main/java/org/openapis/openapi/models/operations/ListAllUsersRequestBuilder.java
  - src/main/java/org/openapis/openapi/models/operations/CreateACredentialRequestBuilder.java
  - src/main/java/org/openapis/openapi/models/operations/GetCredentialMetadataRequestBuilder.java
  - src/main/java/org/openapis/openapi/models/operations/GenerateJwtTokenRequestBuilder.java
  - src/main/java/org/openapis/openapi/models/operations/ListUserCredentialsRequestBuilder.java
  - src/main/java/org/openapis/openapi/models/operations/ListWorkflowsRequestBuilder.java
  - src/main/java/org/openapis/openapi/models/operations/DeactivateAWorkflowRequestBuilder.java
  - src/main/java/org/openapis/openapi/models/operations/ActivateAWorkflowRequestBuilder.java
  - src/main/java/org/openapis/openapi/models/operations/GetWorkflowAnalyticsRequestBuilder.java
  - src/main/java/org/openapis/openapi/models/operations/DisableAllWorkflowsForAUserRequestBuilder.java
  - src/main/java/org/openapis/openapi/models/operations/GetWorkflowLogsRequestBuilder.java
  - src/main/java/org/openapis/openapi/models/operations/GetWorkflowErrorsRequestBuilder.java
  - src/main/java/org/openapis/openapi/models/operations/DeleteLogsForAUserRequestBuilder.java
  - src/main/java/org/openapis/openapi/models/operations/DeleteACredentialRequestBuilder.java
  - src/main/java/org/openapis/openapi/models/operations/RunEventRequestBuilder.java
  - src/main/java/org/openapis/openapi/models/operations/RerunWorkfowRequestBuilder.java
  - src/main/java/org/openapis/openapi/models/operations/RunWorkflowRequestBuilder.java
  - src/main/java/org/openapis/openapi/models/operations/ListAppsRequestBuilder.java
  - src/main/java/org/openapis/openapi/models/operations/ListIntegrationsRequestBuilder.java
  - src/main/java/org/openapis/openapi/models/operations/ListEventsRequestBuilder.java
  - src/main/java/org/openapis/openapi/models/operations/GenerateAlloyLinkRequestBuilder.java
  - src/main/java/org/openapis/openapi/models/operations/GenerateOauthLinkRequestBuilder.java
  - src/main/java/org/openapis/openapi/models/operations/DeleteWorkflowRequestBuilder.java
  - src/main/java/org/openapis/openapi/models/operations/FindAWorkflowRequestBuilder.java
  - src/main/java/org/openapis/openapi/models/operations/GetAnIntegrationRequestBuilder.java
  - src/main/java/org/openapis/openapi/models/operations/ListUsersByWorkflowidRequestBuilder.java
  - src/main/java/org/openapis/openapi/models/operations/UpgradeWorkflowRequestBuilder.java
  - src/main/java/org/openapis/openapi/models/operations/ListVersionsRequestBuilder.java
  - src/main/java/org/openapis/openapi/models/operations/CredentialMedataByAppRequestBuilder.java
  - src/main/java/org/openapis/openapi/models/operations/StartInstallationRequestBuilder.java
  - src/main/java/org/openapis/openapi/models/operations/CompleteInstallationRequestBuilder.java
  - src/main/java/org/openapis/openapi/models/operations/SDKMethodInterfaces.java
  - src/main/java/org/openapis/openapi/AlloySDK.java
  - .gitattributes
  - build.gradle
  - gradle/wrapper/gradle-wrapper.jar
  - gradle/wrapper/gradle-wrapper.properties
  - gradlew
  - gradlew.bat
  - settings.gradle
  - src/main/java/org/openapis/openapi/utils/BackoffStrategy.java
  - src/main/java/org/openapis/openapi/utils/BigDecimalString.java
  - src/main/java/org/openapis/openapi/utils/BigIntegerString.java
  - src/main/java/org/openapis/openapi/utils/Deserializers.java
  - src/main/java/org/openapis/openapi/utils/EventStream.java
  - src/main/java/org/openapis/openapi/utils/EventStreamLineReader.java
  - src/main/java/org/openapis/openapi/utils/EventStreamMessage.java
  - src/main/java/org/openapis/openapi/utils/EventStreamReader.java
  - src/main/java/org/openapis/openapi/utils/FormMetadata.java
  - src/main/java/org/openapis/openapi/utils/HTTPClient.java
  - src/main/java/org/openapis/openapi/utils/HTTPRequest.java
  - src/main/java/org/openapis/openapi/utils/HeaderMetadata.java
  - src/main/java/org/openapis/openapi/utils/Hook.java
  - src/main/java/org/openapis/openapi/utils/Hooks.java
  - src/main/java/org/openapis/openapi/utils/JSON.java
  - src/main/java/org/openapis/openapi/utils/LazySingletonValue.java
  - src/main/java/org/openapis/openapi/utils/Metadata.java
  - src/main/java/org/openapis/openapi/utils/MultipartFormMetadata.java
  - src/main/java/org/openapis/openapi/utils/OneOfDeserializer.java
  - src/main/java/org/openapis/openapi/utils/Options.java
  - src/main/java/org/openapis/openapi/utils/PathParamsMetadata.java
  - src/main/java/org/openapis/openapi/utils/QueryParameters.java
  - src/main/java/org/openapis/openapi/utils/QueryParamsMetadata.java
  - src/main/java/org/openapis/openapi/utils/RequestBody.java
  - src/main/java/org/openapis/openapi/utils/RequestMetadata.java
  - src/main/java/org/openapis/openapi/utils/Response.java
  - src/main/java/org/openapis/openapi/utils/Retries.java
  - src/main/java/org/openapis/openapi/utils/RetryConfig.java
  - src/main/java/org/openapis/openapi/utils/Security.java
  - src/main/java/org/openapis/openapi/utils/SecurityMetadata.java
  - src/main/java/org/openapis/openapi/utils/SerializedBody.java
  - src/main/java/org/openapis/openapi/utils/SpeakeasyHTTPClient.java
  - src/main/java/org/openapis/openapi/utils/SpeakeasyMetadata.java
  - src/main/java/org/openapis/openapi/utils/TypedObject.java
  - src/main/java/org/openapis/openapi/utils/Types.java
  - src/main/java/org/openapis/openapi/utils/Utils.java
  - src/main/java/org/openapis/openapi/models/errors/SDKError.java
  - src/main/java/org/openapis/openapi/models/operations/UpdateAUserRequestBody.java
  - src/main/java/org/openapis/openapi/models/operations/UpdateAUserRequest.java
  - src/main/java/org/openapis/openapi/models/operations/UpdateAUserResponseBody.java
  - src/main/java/org/openapis/openapi/models/operations/UpdateAUserResponse.java
  - src/main/java/org/openapis/openapi/models/operations/GetAUserRequest.java
  - src/main/java/org/openapis/openapi/models/operations/GetAUserResponse.java
  - src/main/java/org/openapis/openapi/models/operations/DeleteAUserRequest.java
  - src/main/java/org/openapis/openapi/models/operations/DeleteAUserResponseBody.java
  - src/main/java/org/openapis/openapi/models/operations/DeleteAUserResponse.java
  - src/main/java/org/openapis/openapi/models/operations/CreateAUserRequestBody.java
  - src/main/java/org/openapis/openapi/models/operations/CreateAUserResponseBody.java
  - src/main/java/org/openapis/openapi/models/operations/CreateAUserResponse.java
  - src/main/java/org/openapis/openapi/models/operations/ListAllUsersRequest.java
  - src/main/java/org/openapis/openapi/models/operations/ListAllUsersData.java
  - src/main/java/org/openapis/openapi/models/operations/ListAllUsersResponseBody.java
  - src/main/java/org/openapis/openapi/models/operations/ListAllUsersResponse.java
  - src/main/java/org/openapis/openapi/models/operations/CreateACredentialRequestBody.java
  - src/main/java/org/openapis/openapi/models/operations/CreateACredentialResponseBody.java
  - src/main/java/org/openapis/openapi/models/operations/CreateACredentialResponse.java
  - src/main/java/org/openapis/openapi/models/operations/Properties.java
  - src/main/java/org/openapis/openapi/models/operations/GetCredentialMetadataData.java
  - src/main/java/org/openapis/openapi/models/operations/GetCredentialMetadataResponseBody.java
  - src/main/java/org/openapis/openapi/models/operations/GetCredentialMetadataResponse.java
  - src/main/java/org/openapis/openapi/models/operations/GenerateJwtTokenRequest.java
  - src/main/java/org/openapis/openapi/models/operations/GenerateJwtTokenResponseBody.java
  - src/main/java/org/openapis/openapi/models/operations/GenerateJwtTokenResponse.java
  - src/main/java/org/openapis/openapi/models/operations/ListUserCredentialsRequest.java
  - src/main/java/org/openapis/openapi/models/operations/ListUserCredentialsData.java
  - src/main/java/org/openapis/openapi/models/operations/ListUserCredentialsResponseBody.java
  - src/main/java/org/openapis/openapi/models/operations/ListUserCredentialsResponse.java
  - src/main/java/org/openapis/openapi/models/operations/ListWorkflowsRequest.java
  - src/main/java/org/openapis/openapi/models/operations/Blocks.java
  - src/main/java/org/openapis/openapi/models/operations/ListWorkflowsData.java
  - src/main/java/org/openapis/openapi/models/operations/ListWorkflowsResponseBody.java
  - src/main/java/org/openapis/openapi/models/operations/ListWorkflowsResponse.java
  - src/main/java/org/openapis/openapi/models/operations/DeactivateAWorkflowRequestBody.java
  - src/main/java/org/openapis/openapi/models/operations/DeactivateAWorkflowResponseBody.java
  - src/main/java/org/openapis/openapi/models/operations/DeactivateAWorkflowResponse.java
  - src/main/java/org/openapis/openapi/models/operations/ActivateAWorkflowRequestBody.java
  - src/main/java/org/openapis/openapi/models/operations/ActivateAWorkflowResponseBody.java
  - src/main/java/org/openapis/openapi/models/operations/ActivateAWorkflowResponse.java
  - src/main/java/org/openapis/openapi/models/operations/GetWorkflowAnalyticsRequest.java
  - src/main/java/org/openapis/openapi/models/operations/GetWorkflowAnalyticsResponseBody.java
  - src/main/java/org/openapis/openapi/models/operations/GetWorkflowAnalyticsResponse.java
  - src/main/java/org/openapis/openapi/models/operations/DisableAllWorkflowsForAUserRequest.java
  - src/main/java/org/openapis/openapi/models/operations/DisableAllWorkflowsForAUserResponseBody.java
  - src/main/java/org/openapis/openapi/models/operations/DisableAllWorkflowsForAUserResponse.java
  - src/main/java/org/openapis/openapi/models/operations/GetWorkflowLogsRequest.java
  - src/main/java/org/openapis/openapi/models/operations/GetWorkflowLogsResponse.java
  - src/main/java/org/openapis/openapi/models/operations/GetWorkflowErrorsRequest.java
  - src/main/java/org/openapis/openapi/models/operations/GetWorkflowErrorsResponse.java
  - src/main/java/org/openapis/openapi/models/operations/DeleteLogsForAUserRequest.java
  - src/main/java/org/openapis/openapi/models/operations/DeleteLogsForAUserResponseBody.java
  - src/main/java/org/openapis/openapi/models/operations/DeleteLogsForAUserResponse.java
  - src/main/java/org/openapis/openapi/models/operations/DeleteACredentialRequest.java
  - src/main/java/org/openapis/openapi/models/operations/DeleteACredentialResponseBody.java
  - src/main/java/org/openapis/openapi/models/operations/DeleteACredentialResponse.java
  - src/main/java/org/openapis/openapi/models/operations/RunEventRequestBody.java
  - src/main/java/org/openapis/openapi/models/operations/RunEventResponseBody.java
  - src/main/java/org/openapis/openapi/models/operations/RunEventResponse.java
  - src/main/java/org/openapis/openapi/models/operations/RerunWorkfowRequest.java
  - src/main/java/org/openapis/openapi/models/operations/RerunWorkfowResponseBody.java
  - src/main/java/org/openapis/openapi/models/operations/RerunWorkfowResponse.java
  - src/main/java/org/openapis/openapi/models/operations/RunWorkflowRequestBody.java
  - src/main/java/org/openapis/openapi/models/operations/RunWorkflowResponseBody.java
  - src/main/java/org/openapis/openapi/models/operations/RunWorkflowResponse.java
  - src/main/java/org/openapis/openapi/models/operations/ListAppsResponse.java
  - src/main/java/org/openapis/openapi/models/operations/ListIntegrationsRequest.java
  - src/main/java/org/openapis/openapi/models/operations/ListIntegrationsBlocks.java
  - src/main/java/org/openapis/openapi/models/operations/Workflows.java
  - src/main/java/org/openapis/openapi/models/operations/ListIntegrationsData.java
  - src/main/java/org/openapis/openapi/models/operations/ListIntegrationsResponseBody.java
  - src/main/java/org/openapis/openapi/models/operations/ListIntegrationsResponse.java
  - src/main/java/org/openapis/openapi/models/operations/Body.java
  - src/main/java/org/openapis/openapi/models/operations/ListEventsData.java
  - src/main/java/org/openapis/openapi/models/operations/ListEventsResponseBody.java
  - src/main/java/org/openapis/openapi/models/operations/ListEventsResponse.java
  - src/main/java/org/openapis/openapi/models/operations/GenerateAlloyLinkRequest.java
  - src/main/java/org/openapis/openapi/models/operations/GenerateAlloyLinkResponseBody.java
  - src/main/java/org/openapis/openapi/models/operations/GenerateAlloyLinkResponse.java
  - src/main/java/org/openapis/openapi/models/operations/GenerateOauthLinkRequest.java
  - src/main/java/org/openapis/openapi/models/operations/GenerateOauthLinkResponseBody.java
  - src/main/java/org/openapis/openapi/models/operations/GenerateOauthLinkResponse.java
  - src/main/java/org/openapis/openapi/models/operations/DeleteWorkflowRequest.java
  - src/main/java/org/openapis/openapi/models/operations/DeleteWorkflowResponseBody.java
  - src/main/java/org/openapis/openapi/models/operations/DeleteWorkflowResponse.java
  - src/main/java/org/openapis/openapi/models/operations/FindAWorkflowRequest.java
  - src/main/java/org/openapis/openapi/models/operations/FindAWorkflowBlocks.java
  - src/main/java/org/openapis/openapi/models/operations/FindAWorkflowData.java
  - src/main/java/org/openapis/openapi/models/operations/FindAWorkflowResponseBody.java
  - src/main/java/org/openapis/openapi/models/operations/FindAWorkflowResponse.java
  - src/main/java/org/openapis/openapi/models/operations/GetAnIntegrationRequest.java
  - src/main/java/org/openapis/openapi/models/operations/GetAnIntegrationBlocks.java
  - src/main/java/org/openapis/openapi/models/operations/GetAnIntegrationWorkflows.java
  - src/main/java/org/openapis/openapi/models/operations/GetAnIntegrationData.java
  - src/main/java/org/openapis/openapi/models/operations/GetAnIntegrationResponseBody.java
  - src/main/java/org/openapis/openapi/models/operations/GetAnIntegrationResponse.java
  - src/main/java/org/openapis/openapi/models/operations/ListUsersByWorkflowidRequest.java
  - src/main/java/org/openapis/openapi/models/operations/ListUsersByWorkflowidResponse.java
  - src/main/java/org/openapis/openapi/models/operations/UpgradeWorkflowRequest.java
  - src/main/java/org/openapis/openapi/models/operations/UpgradeWorkflowResponseBody.java
  - src/main/java/org/openapis/openapi/models/operations/UpgradeWorkflowResponse.java
  - src/main/java/org/openapis/openapi/models/operations/ListVersionsRequest.java
  - src/main/java/org/openapis/openapi/models/operations/ListVersionsResponse.java
  - src/main/java/org/openapis/openapi/models/operations/CredentialMedataByAppRequest.java
  - src/main/java/org/openapis/openapi/models/operations/CredentialMedataByAppProperties.java
  - src/main/java/org/openapis/openapi/models/operations/CredentialMedataByAppData.java
  - src/main/java/org/openapis/openapi/models/operations/CredentialMedataByAppResponseBody.java
  - src/main/java/org/openapis/openapi/models/operations/CredentialMedataByAppResponse.java
  - src/main/java/org/openapis/openapi/models/operations/StartInstallationRequestBody.java
  - src/main/java/org/openapis/openapi/models/operations/StartInstallationFields.java
  - src/main/java/org/openapis/openapi/models/operations/StartInstallationData.java
  - src/main/java/org/openapis/openapi/models/operations/StartInstallationResponseBody.java
  - src/main/java/org/openapis/openapi/models/operations/StartInstallationResponse.java
  - src/main/java/org/openapis/openapi/models/operations/Fields.java
  - src/main/java/org/openapis/openapi/models/operations/Data.java
  - src/main/java/org/openapis/openapi/models/operations/CompleteInstallationRequestBody.java
  - src/main/java/org/openapis/openapi/models/operations/CompleteInstallationResponseBody.java
  - src/main/java/org/openapis/openapi/models/operations/CompleteInstallationResponse.java
  - src/main/java/org/openapis/openapi/models/errors/UpdateAUserResponseBody.java
  - src/main/java/org/openapis/openapi/models/errors/DeleteAUserResponseBody.java
  - src/main/java/org/openapis/openapi/models/errors/CreateAUserResponseBody.java
  - src/main/java/org/openapis/openapi/models/errors/ListAllUsersResponseBody.java
  - src/main/java/org/openapis/openapi/models/errors/ListWorkflowsResponseBody.java
  - src/main/java/org/openapis/openapi/models/errors/GetWorkflowErrorsResponseBody.java
  - src/main/java/org/openapis/openapi/models/errors/ListAppsResponseBody.java
  - src/main/java/org/openapis/openapi/models/errors/ListIntegrationsResponseBody.java
  - src/main/java/org/openapis/openapi/models/errors/ListEventsResponseBody.java
  - src/main/java/org/openapis/openapi/models/errors/GetAnIntegrationResponseBody.java
  - src/main/java/org/openapis/openapi/models/errors/ListUsersByWorkflowidResponseBody.java
  - src/main/java/org/openapis/openapi/models/errors/UpgradeWorkflowResponseBody.java
  - src/main/java/org/openapis/openapi/models/errors/ListVersionsResponseBody.java
  - src/main/java/org/openapis/openapi/models/errors/CredentialMedataByAppResponseBody.java
  - src/main/java/org/openapis/openapi/models/errors/StartInstallationResponseBody.java
  - src/main/java/org/openapis/openapi/models/errors/CompleteInstallationResponseBody.java
  - src/main/java/org/openapis/openapi/models/components/Security.java
  - docs/models/operations/UpdateAUserRequestBody.md
  - docs/models/operations/UpdateAUserRequest.md
  - docs/models/operations/UpdateAUserResponseBody.md
  - docs/models/operations/UpdateAUserResponse.md
  - docs/models/operations/GetAUserRequest.md
  - docs/models/operations/GetAUserResponse.md
  - docs/models/operations/DeleteAUserRequest.md
  - docs/models/operations/DeleteAUserResponseBody.md
  - docs/models/operations/DeleteAUserResponse.md
  - docs/models/operations/CreateAUserRequestBody.md
  - docs/models/operations/CreateAUserResponseBody.md
  - docs/models/operations/CreateAUserResponse.md
  - docs/models/operations/ListAllUsersRequest.md
  - docs/models/operations/ListAllUsersData.md
  - docs/models/operations/ListAllUsersResponseBody.md
  - docs/models/operations/ListAllUsersResponse.md
  - docs/models/operations/CreateACredentialRequestBody.md
  - docs/models/operations/CreateACredentialResponseBody.md
  - docs/models/operations/CreateACredentialResponse.md
  - docs/models/operations/Properties.md
  - docs/models/operations/GetCredentialMetadataData.md
  - docs/models/operations/GetCredentialMetadataResponseBody.md
  - docs/models/operations/GetCredentialMetadataResponse.md
  - docs/models/operations/GenerateJwtTokenRequest.md
  - docs/models/operations/GenerateJwtTokenResponseBody.md
  - docs/models/operations/GenerateJwtTokenResponse.md
  - docs/models/operations/ListUserCredentialsRequest.md
  - docs/models/operations/ListUserCredentialsData.md
  - docs/models/operations/ListUserCredentialsResponseBody.md
  - docs/models/operations/ListUserCredentialsResponse.md
  - docs/models/operations/ListWorkflowsRequest.md
  - docs/models/operations/Blocks.md
  - docs/models/operations/ListWorkflowsData.md
  - docs/models/operations/ListWorkflowsResponseBody.md
  - docs/models/operations/ListWorkflowsResponse.md
  - docs/models/operations/DeactivateAWorkflowRequestBody.md
  - docs/models/operations/DeactivateAWorkflowResponseBody.md
  - docs/models/operations/DeactivateAWorkflowResponse.md
  - docs/models/operations/ActivateAWorkflowRequestBody.md
  - docs/models/operations/ActivateAWorkflowResponseBody.md
  - docs/models/operations/ActivateAWorkflowResponse.md
  - docs/models/operations/GetWorkflowAnalyticsRequest.md
  - docs/models/operations/GetWorkflowAnalyticsResponseBody.md
  - docs/models/operations/GetWorkflowAnalyticsResponse.md
  - docs/models/operations/DisableAllWorkflowsForAUserRequest.md
  - docs/models/operations/DisableAllWorkflowsForAUserResponseBody.md
  - docs/models/operations/DisableAllWorkflowsForAUserResponse.md
  - docs/models/operations/GetWorkflowLogsRequest.md
  - docs/models/operations/GetWorkflowLogsResponse.md
  - docs/models/operations/GetWorkflowErrorsRequest.md
  - docs/models/operations/GetWorkflowErrorsResponse.md
  - docs/models/operations/DeleteLogsForAUserRequest.md
  - docs/models/operations/DeleteLogsForAUserResponseBody.md
  - docs/models/operations/DeleteLogsForAUserResponse.md
  - docs/models/operations/DeleteACredentialRequest.md
  - docs/models/operations/DeleteACredentialResponseBody.md
  - docs/models/operations/DeleteACredentialResponse.md
  - docs/models/operations/RunEventRequestBody.md
  - docs/models/operations/RunEventResponseBody.md
  - docs/models/operations/RunEventResponse.md
  - docs/models/operations/RerunWorkfowRequest.md
  - docs/models/operations/RerunWorkfowResponseBody.md
  - docs/models/operations/RerunWorkfowResponse.md
  - docs/models/operations/RunWorkflowRequestBody.md
  - docs/models/operations/RunWorkflowResponseBody.md
  - docs/models/operations/RunWorkflowResponse.md
  - docs/models/operations/ListAppsResponse.md
  - docs/models/operations/ListIntegrationsRequest.md
  - docs/models/operations/ListIntegrationsBlocks.md
  - docs/models/operations/Workflows.md
  - docs/models/operations/ListIntegrationsData.md
  - docs/models/operations/ListIntegrationsResponseBody.md
  - docs/models/operations/ListIntegrationsResponse.md
  - docs/models/operations/Body.md
  - docs/models/operations/ListEventsData.md
  - docs/models/operations/ListEventsResponseBody.md
  - docs/models/operations/ListEventsResponse.md
  - docs/models/operations/GenerateAlloyLinkRequest.md
  - docs/models/operations/GenerateAlloyLinkResponseBody.md
  - docs/models/operations/GenerateAlloyLinkResponse.md
  - docs/models/operations/GenerateOauthLinkRequest.md
  - docs/models/operations/GenerateOauthLinkResponseBody.md
  - docs/models/operations/GenerateOauthLinkResponse.md
  - docs/models/operations/DeleteWorkflowRequest.md
  - docs/models/operations/DeleteWorkflowResponseBody.md
  - docs/models/operations/DeleteWorkflowResponse.md
  - docs/models/operations/FindAWorkflowRequest.md
  - docs/models/operations/FindAWorkflowBlocks.md
  - docs/models/operations/FindAWorkflowData.md
  - docs/models/operations/FindAWorkflowResponseBody.md
  - docs/models/operations/FindAWorkflowResponse.md
  - docs/models/operations/GetAnIntegrationRequest.md
  - docs/models/operations/GetAnIntegrationBlocks.md
  - docs/models/operations/GetAnIntegrationWorkflows.md
  - docs/models/operations/GetAnIntegrationData.md
  - docs/models/operations/GetAnIntegrationResponseBody.md
  - docs/models/operations/GetAnIntegrationResponse.md
  - docs/models/operations/ListUsersByWorkflowidRequest.md
  - docs/models/operations/ListUsersByWorkflowidResponse.md
  - docs/models/operations/UpgradeWorkflowRequest.md
  - docs/models/operations/UpgradeWorkflowResponseBody.md
  - docs/models/operations/UpgradeWorkflowResponse.md
  - docs/models/operations/ListVersionsRequest.md
  - docs/models/operations/ListVersionsResponse.md
  - docs/models/operations/CredentialMedataByAppRequest.md
  - docs/models/operations/CredentialMedataByAppProperties.md
  - docs/models/operations/CredentialMedataByAppData.md
  - docs/models/operations/CredentialMedataByAppResponseBody.md
  - docs/models/operations/CredentialMedataByAppResponse.md
  - docs/models/operations/StartInstallationRequestBody.md
  - docs/models/operations/StartInstallationFields.md
  - docs/models/operations/StartInstallationData.md
  - docs/models/operations/StartInstallationResponseBody.md
  - docs/models/operations/StartInstallationResponse.md
  - docs/models/operations/Fields.md
  - docs/models/operations/Data.md
  - docs/models/operations/CompleteInstallationRequestBody.md
  - docs/models/operations/CompleteInstallationResponseBody.md
  - docs/models/operations/CompleteInstallationResponse.md
  - docs/models/errors/UpdateAUserResponseBody.md
  - docs/models/errors/DeleteAUserResponseBody.md
  - docs/models/errors/CreateAUserResponseBody.md
  - docs/models/errors/ListAllUsersResponseBody.md
  - docs/models/errors/ListWorkflowsResponseBody.md
  - docs/models/errors/GetWorkflowErrorsResponseBody.md
  - docs/models/errors/ListAppsResponseBody.md
  - docs/models/errors/ListIntegrationsResponseBody.md
  - docs/models/errors/ListEventsResponseBody.md
  - docs/models/errors/GetAnIntegrationResponseBody.md
  - docs/models/errors/ListUsersByWorkflowidResponseBody.md
  - docs/models/errors/UpgradeWorkflowResponseBody.md
  - docs/models/errors/ListVersionsResponseBody.md
  - docs/models/errors/CredentialMedataByAppResponseBody.md
  - docs/models/errors/StartInstallationResponseBody.md
  - docs/models/errors/CompleteInstallationResponseBody.md
  - docs/models/components/Security.md
  - docs/sdks/alloysdk/README.md
  - USAGE.md
